
Microsoft Visual Studio Solution File, Format Version 12.00
# Visual Studio Version 17
VisualStudioVersion = 17.6.33801.468
MinimumVisualStudioVersion = 10.0.40219.1
Project("{FAE04EC0-301F-11D3-BF4B-00C04F79EFBC}") = "LinkedListQuestion1", "LinkedListQuestion1\LinkedListQuestion1.csproj", "{531C468F-5275-49C4-8D94-4227B5FB9486}"
EndProject
Global
	GlobalSection(SolutionConfigurationPlatforms) = preSolution
		Debug|Any CPU = Debug|Any CPU
		Release|Any CPU = Release|Any CPU
	EndGlobalSection
	GlobalSection(ProjectConfigurationPlatforms) = postSolution
		{531C468F-5275-49C4-8D94-4227B5FB9486}.Debug|Any CPU.ActiveCfg = Debug|Any CPU
		{531C468F-5275-49C4-8D94-4227B5FB9486}.Debug|Any CPU.Build.0 = Debug|Any CPU
		{531C468F-5275-49C4-8D94-4227B5FB9486}.Release|Any CPU.ActiveCfg = Release|Any CPU
		{531C468F-5275-49C4-8D94-4227B5FB9486}.Release|Any CPU.Build.0 = Release|Any CPU
	EndGlobalSection
	GlobalSection(SolutionProperties) = preSolution
		HideSolutionNode = FALSE
	EndGlobalSection
	GlobalSection(ExtensibilityGlobals) = postSolution
		SolutionGuid = {783BC349-7EEF-4996-B289-2003F3CD612E}
	EndGlobalSection
EndGlobal
